
Microsoft Visual Studio Solution File, Format Version 12.00
# Visual Studio Version 16
VisualStudioVersion = 16.0.31702.278
MinimumVisualStudioVersion = 10.0.40219.1
Project("{9A19103F-16F7-4668-BE54-9A1E7A4F7556}") = "TocnoVrijeme", "TocnoVrijeme\TocnoVrijeme.csproj", "{8B93CEC6-244C-4198-BA57-3F7B64E04C30}"
EndProject
Project("{9A19103F-16F7-4668-BE54-9A1E7A4F7556}") = "Inicijali", "Inicijali\Inicijali.csproj", "{5590E35B-D2F3-444F-97DC-1FD40E5C8BED}"
EndProject
Project("{9A19103F-16F7-4668-BE54-9A1E7A4F7556}") = "ProsjekOcjena", "ProsjekOcjena\ProsjekOcjena.csproj", "{C2B4E2C3-9861-4987-9E4D-3940858B8825}"
EndProject
Project("{9A19103F-16F7-4668-BE54-9A1E7A4F7556}") = "ProsjekOcjenaTryParse", "ProsjekOcjenaTryParse\ProsjekOcjenaTryParse.csproj", "{B3AE620C-0A69-4D8A-AC9F-FD05745E3736}"
EndProject
Project("{9A19103F-16F7-4668-BE54-9A1E7A4F7556}") = "DatumiRodenja", "DatumiRodenja\DatumiRodenja.csproj", "{D5E8C346-5257-4EB7-9C75-717B707AF9EF}"
EndProject
Project("{9A19103F-16F7-4668-BE54-9A1E7A4F7556}") = "DaniMjeseca", "DaniMjeseca\DaniMjeseca.csproj", "{44D46B73-4AD5-403B-BFFF-FD282FC3755A}"
EndProject
Project("{FAE04EC0-301F-11D3-BF4B-00C04F79EFBC}") = "Djelitelji", "Djelitelji\Djelitelji.csproj", "{3A781C7D-DB4F-473F-A9B7-29A479F0D411}"
EndProject
Project("{FAE04EC0-301F-11D3-BF4B-00C04F79EFBC}") = "DjeliteljiDoPetlja", "DjeliteljiDoPetlja\DjeliteljiDoPetlja.csproj", "{EEBDC3A6-8B63-4668-A213-187D32E60299}"
EndProject
Global
	GlobalSection(SolutionConfigurationPlatforms) = preSolution
		Debug|Any CPU = Debug|Any CPU
		Release|Any CPU = Release|Any CPU
	EndGlobalSection
	GlobalSection(ProjectConfigurationPlatforms) = postSolution
		{8B93CEC6-244C-4198-BA57-3F7B64E04C30}.Debug|Any CPU.ActiveCfg = Debug|Any CPU
		{8B93CEC6-244C-4198-BA57-3F7B64E04C30}.Debug|Any CPU.Build.0 = Debug|Any CPU
		{8B93CEC6-244C-4198-BA57-3F7B64E04C30}.Release|Any CPU.ActiveCfg = Release|Any CPU
		{8B93CEC6-244C-4198-BA57-3F7B64E04C30}.Release|Any CPU.Build.0 = Release|Any CPU
		{5590E35B-D2F3-444F-97DC-1FD40E5C8BED}.Debug|Any CPU.ActiveCfg = Debug|Any CPU
		{5590E35B-D2F3-444F-97DC-1FD40E5C8BED}.Debug|Any CPU.Build.0 = Debug|Any CPU
		{5590E35B-D2F3-444F-97DC-1FD40E5C8BED}.Release|Any CPU.ActiveCfg = Release|Any CPU
		{5590E35B-D2F3-444F-97DC-1FD40E5C8BED}.Release|Any CPU.Build.0 = Release|Any CPU
		{C2B4E2C3-9861-4987-9E4D-3940858B8825}.Debug|Any CPU.ActiveCfg = Debug|Any CPU
		{C2B4E2C3-9861-4987-9E4D-3940858B8825}.Debug|Any CPU.Build.0 = Debug|Any CPU
		{C2B4E2C3-9861-4987-9E4D-3940858B8825}.Release|Any CPU.ActiveCfg = Release|Any CPU
		{C2B4E2C3-9861-4987-9E4D-3940858B8825}.Release|Any CPU.Build.0 = Release|Any CPU
		{B3AE620C-0A69-4D8A-AC9F-FD05745E3736}.Debug|Any CPU.ActiveCfg = Debug|Any CPU
		{B3AE620C-0A69-4D8A-AC9F-FD05745E3736}.Debug|Any CPU.Build.0 = Debug|Any CPU
		{B3AE620C-0A69-4D8A-AC9F-FD05745E3736}.Release|Any CPU.ActiveCfg = Release|Any CPU
		{B3AE620C-0A69-4D8A-AC9F-FD05745E3736}.Release|Any CPU.Build.0 = Release|Any CPU
		{D5E8C346-5257-4EB7-9C75-717B707AF9EF}.Debug|Any CPU.ActiveCfg = Debug|Any CPU
		{D5E8C346-5257-4EB7-9C75-717B707AF9EF}.Debug|Any CPU.Build.0 = Debug|Any CPU
		{D5E8C346-5257-4EB7-9C75-717B707AF9EF}.Release|Any CPU.ActiveCfg = Release|Any CPU
		{D5E8C346-5257-4EB7-9C75-717B707AF9EF}.Release|Any CPU.Build.0 = Release|Any CPU
		{44D46B73-4AD5-403B-BFFF-FD282FC3755A}.Debug|Any CPU.ActiveCfg = Debug|Any CPU
		{44D46B73-4AD5-403B-BFFF-FD282FC3755A}.Debug|Any CPU.Build.0 = Debug|Any CPU
		{44D46B73-4AD5-403B-BFFF-FD282FC3755A}.Release|Any CPU.ActiveCfg = Release|Any CPU
		{44D46B73-4AD5-403B-BFFF-FD282FC3755A}.Release|Any CPU.Build.0 = Release|Any CPU
		{3A781C7D-DB4F-473F-A9B7-29A479F0D411}.Debug|Any CPU.ActiveCfg = Debug|Any CPU
		{3A781C7D-DB4F-473F-A9B7-29A479F0D411}.Debug|Any CPU.Build.0 = Debug|Any CPU
		{3A781C7D-DB4F-473F-A9B7-29A479F0D411}.Release|Any CPU.ActiveCfg = Release|Any CPU
		{3A781C7D-DB4F-473F-A9B7-29A479F0D411}.Release|Any CPU.Build.0 = Release|Any CPU
		{EEBDC3A6-8B63-4668-A213-187D32E60299}.Debug|Any CPU.ActiveCfg = Debug|Any CPU
		{EEBDC3A6-8B63-4668-A213-187D32E60299}.Debug|Any CPU.Build.0 = Debug|Any CPU
		{EEBDC3A6-8B63-4668-A213-187D32E60299}.Release|Any CPU.ActiveCfg = Release|Any CPU
		{EEBDC3A6-8B63-4668-A213-187D32E60299}.Release|Any CPU.Build.0 = Release|Any CPU
	EndGlobalSection
	GlobalSection(SolutionProperties) = preSolution
		HideSolutionNode = FALSE
	EndGlobalSection
	GlobalSection(ExtensibilityGlobals) = postSolution
		SolutionGuid = {C9085A2A-7385-4CDE-AB54-65D3E4F4072A}
	EndGlobalSection
EndGlobal
