
Microsoft Visual Studio Solution File, Format Version 12.00
# Visual Studio Version 16
VisualStudioVersion = 16.0.31702.278
MinimumVisualStudioVersion = 10.0.40219.1
Project("{9A19103F-16F7-4668-BE54-9A1E7A4F7556}") = "TocnoVrijeme", "TocnoVrijeme\TocnoVrijeme.csproj", "{8B93CEC6-244C-4198-BA57-3F7B64E04C30}"
EndProject
Project("{9A19103F-16F7-4668-BE54-9A1E7A4F7556}") = "Inicijali", "Inicijali\Inicijali.csproj", "{5590E35B-D2F3-444F-97DC-1FD40E5C8BED}"
EndProject
Project("{9A19103F-16F7-4668-BE54-9A1E7A4F7556}") = "ProsjekOcjena", "ProsjekOcjena\ProsjekOcjena.csproj", "{C2B4E2C3-9861-4987-9E4D-3940858B8825}"
EndProject
Project("{9A19103F-16F7-4668-BE54-9A1E7A4F7556}") = "ProsjekOcjenaTryParse", "ProsjekOcjenaTryParse\ProsjekOcjenaTryParse.csproj", "{B3AE620C-0A69-4D8A-AC9F-FD05745E3736}"
EndProject
Project("{9A19103F-16F7-4668-BE54-9A1E7A4F7556}") = "DatumiRodenja", "DatumiRodenja\DatumiRodenja.csproj", "{D5E8C346-5257-4EB7-9C75-717B707AF9EF}"
EndProject
Project("{9A19103F-16F7-4668-BE54-9A1E7A4F7556}") = "DaniMjeseca", "DaniMjeseca\DaniMjeseca.csproj", "{44D46B73-4AD5-403B-BFFF-FD282FC3755A}"
EndProject
Project("{9A19103F-16F7-4668-BE54-9A1E7A4F7556}") = "Djelitelji", "Djelitelji\Djelitelji.csproj", "{3A781C7D-DB4F-473F-A9B7-29A479F0D411}"
EndProject
Project("{9A19103F-16F7-4668-BE54-9A1E7A4F7556}") = "DjeliteljiDoPetlja", "DjeliteljiDoPetlja\DjeliteljiDoPetlja.csproj", "{EEBDC3A6-8B63-4668-A213-187D32E60299}"
EndProject
Project("{9A19103F-16F7-4668-BE54-9A1E7A4F7556}") = "IzracunKamata", "IzracunKamata\IzracunKamata.csproj", "{2722E3F9-5FF2-4423-8BC9-6E0AB194688C}"
EndProject
Project("{9A19103F-16F7-4668-BE54-9A1E7A4F7556}") = "OtplataKredita", "OtplataKredita\OtplataKredita.csproj", "{D3E470D7-A8E7-4D17-B487-7C379C83BB7C}"
EndProject
Project("{FAE04EC0-301F-11D3-BF4B-00C04F79EFBC}") = "ListaRijeciNet", "ListaRijeciNet\ListaRijeciNet.csproj", "{E6FD8A46-0E1D-4A88-BAFB-783431D38295}"
EndProject
Project("{9A19103F-16F7-4668-BE54-9A1E7A4F7556}") = "Brojevi", "Brojevi\Brojevi.csproj", "{E2F73014-79B3-49C6-BB06-04D115234A4A}"
EndProject
Project("{9A19103F-16F7-4668-BE54-9A1E7A4F7556}") = "IgraKlase", "IgraKlase\IgraKlase.csproj", "{3BAE0966-075B-459D-BA73-7C1E794C2C29}"
EndProject
Project("{FAE04EC0-301F-11D3-BF4B-00C04F79EFBC}") = "IgraKlaseNetFramework", "IgraKlaseNetFramework\IgraKlaseNetFramework.csproj", "{1FFED1F1-71D1-4A4F-A057-D27DADEBB9C2}"
EndProject
Project("{FAE04EC0-301F-11D3-BF4B-00C04F79EFBC}") = "Igre_ListaObjekata", "Igre_ListaObjekata\Igre_ListaObjekata.csproj", "{D97E9AC1-83B7-4D6A-AAF6-02C9B8A29D42}"
EndProject
Global
	GlobalSection(SolutionConfigurationPlatforms) = preSolution
		Debug|Any CPU = Debug|Any CPU
		Release|Any CPU = Release|Any CPU
	EndGlobalSection
	GlobalSection(ProjectConfigurationPlatforms) = postSolution
		{8B93CEC6-244C-4198-BA57-3F7B64E04C30}.Debug|Any CPU.ActiveCfg = Debug|Any CPU
		{8B93CEC6-244C-4198-BA57-3F7B64E04C30}.Debug|Any CPU.Build.0 = Debug|Any CPU
		{8B93CEC6-244C-4198-BA57-3F7B64E04C30}.Release|Any CPU.ActiveCfg = Release|Any CPU
		{8B93CEC6-244C-4198-BA57-3F7B64E04C30}.Release|Any CPU.Build.0 = Release|Any CPU
		{5590E35B-D2F3-444F-97DC-1FD40E5C8BED}.Debug|Any CPU.ActiveCfg = Debug|Any CPU
		{5590E35B-D2F3-444F-97DC-1FD40E5C8BED}.Debug|Any CPU.Build.0 = Debug|Any CPU
		{5590E35B-D2F3-444F-97DC-1FD40E5C8BED}.Release|Any CPU.ActiveCfg = Release|Any CPU
		{5590E35B-D2F3-444F-97DC-1FD40E5C8BED}.Release|Any CPU.Build.0 = Release|Any CPU
		{C2B4E2C3-9861-4987-9E4D-3940858B8825}.Debug|Any CPU.ActiveCfg = Debug|Any CPU
		{C2B4E2C3-9861-4987-9E4D-3940858B8825}.Debug|Any CPU.Build.0 = Debug|Any CPU
		{C2B4E2C3-9861-4987-9E4D-3940858B8825}.Release|Any CPU.ActiveCfg = Release|Any CPU
		{C2B4E2C3-9861-4987-9E4D-3940858B8825}.Release|Any CPU.Build.0 = Release|Any CPU
		{B3AE620C-0A69-4D8A-AC9F-FD05745E3736}.Debug|Any CPU.ActiveCfg = Debug|Any CPU
		{B3AE620C-0A69-4D8A-AC9F-FD05745E3736}.Debug|Any CPU.Build.0 = Debug|Any CPU
		{B3AE620C-0A69-4D8A-AC9F-FD05745E3736}.Release|Any CPU.ActiveCfg = Release|Any CPU
		{B3AE620C-0A69-4D8A-AC9F-FD05745E3736}.Release|Any CPU.Build.0 = Release|Any CPU
		{D5E8C346-5257-4EB7-9C75-717B707AF9EF}.Debug|Any CPU.ActiveCfg = Debug|Any CPU
		{D5E8C346-5257-4EB7-9C75-717B707AF9EF}.Debug|Any CPU.Build.0 = Debug|Any CPU
		{D5E8C346-5257-4EB7-9C75-717B707AF9EF}.Release|Any CPU.ActiveCfg = Release|Any CPU
		{D5E8C346-5257-4EB7-9C75-717B707AF9EF}.Release|Any CPU.Build.0 = Release|Any CPU
		{44D46B73-4AD5-403B-BFFF-FD282FC3755A}.Debug|Any CPU.ActiveCfg = Debug|Any CPU
		{44D46B73-4AD5-403B-BFFF-FD282FC3755A}.Debug|Any CPU.Build.0 = Debug|Any CPU
		{44D46B73-4AD5-403B-BFFF-FD282FC3755A}.Release|Any CPU.ActiveCfg = Release|Any CPU
		{44D46B73-4AD5-403B-BFFF-FD282FC3755A}.Release|Any CPU.Build.0 = Release|Any CPU
		{3A781C7D-DB4F-473F-A9B7-29A479F0D411}.Debug|Any CPU.ActiveCfg = Debug|Any CPU
		{3A781C7D-DB4F-473F-A9B7-29A479F0D411}.Debug|Any CPU.Build.0 = Debug|Any CPU
		{3A781C7D-DB4F-473F-A9B7-29A479F0D411}.Release|Any CPU.ActiveCfg = Release|Any CPU
		{3A781C7D-DB4F-473F-A9B7-29A479F0D411}.Release|Any CPU.Build.0 = Release|Any CPU
		{EEBDC3A6-8B63-4668-A213-187D32E60299}.Debug|Any CPU.ActiveCfg = Debug|Any CPU
		{EEBDC3A6-8B63-4668-A213-187D32E60299}.Debug|Any CPU.Build.0 = Debug|Any CPU
		{EEBDC3A6-8B63-4668-A213-187D32E60299}.Release|Any CPU.ActiveCfg = Release|Any CPU
		{EEBDC3A6-8B63-4668-A213-187D32E60299}.Release|Any CPU.Build.0 = Release|Any CPU
		{2722E3F9-5FF2-4423-8BC9-6E0AB194688C}.Debug|Any CPU.ActiveCfg = Debug|Any CPU
		{2722E3F9-5FF2-4423-8BC9-6E0AB194688C}.Debug|Any CPU.Build.0 = Debug|Any CPU
		{2722E3F9-5FF2-4423-8BC9-6E0AB194688C}.Release|Any CPU.ActiveCfg = Release|Any CPU
		{2722E3F9-5FF2-4423-8BC9-6E0AB194688C}.Release|Any CPU.Build.0 = Release|Any CPU
		{D3E470D7-A8E7-4D17-B487-7C379C83BB7C}.Debug|Any CPU.ActiveCfg = Debug|Any CPU
		{D3E470D7-A8E7-4D17-B487-7C379C83BB7C}.Debug|Any CPU.Build.0 = Debug|Any CPU
		{D3E470D7-A8E7-4D17-B487-7C379C83BB7C}.Release|Any CPU.ActiveCfg = Release|Any CPU
		{D3E470D7-A8E7-4D17-B487-7C379C83BB7C}.Release|Any CPU.Build.0 = Release|Any CPU
		{E6FD8A46-0E1D-4A88-BAFB-783431D38295}.Debug|Any CPU.ActiveCfg = Debug|Any CPU
		{E6FD8A46-0E1D-4A88-BAFB-783431D38295}.Debug|Any CPU.Build.0 = Debug|Any CPU
		{E6FD8A46-0E1D-4A88-BAFB-783431D38295}.Release|Any CPU.ActiveCfg = Release|Any CPU
		{E6FD8A46-0E1D-4A88-BAFB-783431D38295}.Release|Any CPU.Build.0 = Release|Any CPU
		{E2F73014-79B3-49C6-BB06-04D115234A4A}.Debug|Any CPU.ActiveCfg = Debug|Any CPU
		{E2F73014-79B3-49C6-BB06-04D115234A4A}.Debug|Any CPU.Build.0 = Debug|Any CPU
		{E2F73014-79B3-49C6-BB06-04D115234A4A}.Release|Any CPU.ActiveCfg = Release|Any CPU
		{E2F73014-79B3-49C6-BB06-04D115234A4A}.Release|Any CPU.Build.0 = Release|Any CPU
		{3BAE0966-075B-459D-BA73-7C1E794C2C29}.Debug|Any CPU.ActiveCfg = Debug|Any CPU
		{3BAE0966-075B-459D-BA73-7C1E794C2C29}.Debug|Any CPU.Build.0 = Debug|Any CPU
		{3BAE0966-075B-459D-BA73-7C1E794C2C29}.Release|Any CPU.ActiveCfg = Release|Any CPU
		{3BAE0966-075B-459D-BA73-7C1E794C2C29}.Release|Any CPU.Build.0 = Release|Any CPU
		{1FFED1F1-71D1-4A4F-A057-D27DADEBB9C2}.Debug|Any CPU.ActiveCfg = Debug|Any CPU
		{1FFED1F1-71D1-4A4F-A057-D27DADEBB9C2}.Debug|Any CPU.Build.0 = Debug|Any CPU
		{1FFED1F1-71D1-4A4F-A057-D27DADEBB9C2}.Release|Any CPU.ActiveCfg = Release|Any CPU
		{1FFED1F1-71D1-4A4F-A057-D27DADEBB9C2}.Release|Any CPU.Build.0 = Release|Any CPU
		{D97E9AC1-83B7-4D6A-AAF6-02C9B8A29D42}.Debug|Any CPU.ActiveCfg = Debug|Any CPU
		{D97E9AC1-83B7-4D6A-AAF6-02C9B8A29D42}.Debug|Any CPU.Build.0 = Debug|Any CPU
		{D97E9AC1-83B7-4D6A-AAF6-02C9B8A29D42}.Release|Any CPU.ActiveCfg = Release|Any CPU
		{D97E9AC1-83B7-4D6A-AAF6-02C9B8A29D42}.Release|Any CPU.Build.0 = Release|Any CPU
	EndGlobalSection
	GlobalSection(SolutionProperties) = preSolution
		HideSolutionNode = FALSE
	EndGlobalSection
	GlobalSection(ExtensibilityGlobals) = postSolution
		SolutionGuid = {C9085A2A-7385-4CDE-AB54-65D3E4F4072A}
	EndGlobalSection
EndGlobal
